
Microsoft Visual Studio Solution File, Format Version 12.00
# Visual Studio 15
VisualStudioVersion = 15.0.28307.705
MinimumVisualStudioVersion = 10.0.40219.1
Project("{FAE04EC0-301F-11D3-BF4B-00C04F79EFBC}") = "Mosaic", "Mosaic\Mosaic.csproj", "{AA784575-28D8-4D51-A596-1ECFC5649A5A}"
EndProject
Project("{54435603-DBB4-11D2-8724-00A0C9A8B90C}") = "eBisMosaicSetup", "eBisMosaicSetup\eBisMosaicSetup.vdproj", "{9A8BED86-3F1F-4BC5-8C1F-581BE3C54C79}"
EndProject
Global
	GlobalSection(SolutionConfigurationPlatforms) = preSolution
		Debug|Any CPU = Debug|Any CPU
		Release|Any CPU = Release|Any CPU
	EndGlobalSection
	GlobalSection(ProjectConfigurationPlatforms) = postSolution
		{AA784575-28D8-4D51-A596-1ECFC5649A5A}.Debug|Any CPU.ActiveCfg = Debug|Any CPU
		{AA784575-28D8-4D51-A596-1ECFC5649A5A}.Debug|Any CPU.Build.0 = Debug|Any CPU
		{AA784575-28D8-4D51-A596-1ECFC5649A5A}.Release|Any CPU.ActiveCfg = Release|Any CPU
		{AA784575-28D8-4D51-A596-1ECFC5649A5A}.Release|Any CPU.Build.0 = Release|Any CPU
		{9A8BED86-3F1F-4BC5-8C1F-581BE3C54C79}.Debug|Any CPU.ActiveCfg = Debug
		{9A8BED86-3F1F-4BC5-8C1F-581BE3C54C79}.Release|Any CPU.ActiveCfg = Release
		{9A8BED86-3F1F-4BC5-8C1F-581BE3C54C79}.Release|Any CPU.Build.0 = Release
	EndGlobalSection
	GlobalSection(SolutionProperties) = preSolution
		HideSolutionNode = FALSE
	EndGlobalSection
	GlobalSection(ExtensibilityGlobals) = postSolution
		SolutionGuid = {13FC8C61-7D13-4A44-863D-D5045EE018F2}
	EndGlobalSection
EndGlobal
